
Microsoft Visual Studio Solution File, Format Version 11.00
# Visual Studio 2010
Project("{F2A71F9B-5D33-465A-A702-920D77279786}") = "Async", "Async\Async.fsproj", "{E229DEDA-F7B5-436C-AE51-2D88A4514021}"
EndProject
Project("{FAE04EC0-301F-11D3-BF4B-00C04F79EFBC}") = "CSharpAsync", "CSharpAsync\CSharpAsync.csproj", "{5D81EFDC-C237-48BE-8BB6-D21798414DEE}"
EndProject
Global
	GlobalSection(SolutionConfigurationPlatforms) = preSolution
		Debug|x86 = Debug|x86
		Release|x86 = Release|x86
	EndGlobalSection
	GlobalSection(ProjectConfigurationPlatforms) = postSolution
		{E229DEDA-F7B5-436C-AE51-2D88A4514021}.Debug|x86.ActiveCfg = Debug|x86
		{E229DEDA-F7B5-436C-AE51-2D88A4514021}.Debug|x86.Build.0 = Debug|x86
		{E229DEDA-F7B5-436C-AE51-2D88A4514021}.Release|x86.ActiveCfg = Release|x86
		{E229DEDA-F7B5-436C-AE51-2D88A4514021}.Release|x86.Build.0 = Release|x86
		{5D81EFDC-C237-48BE-8BB6-D21798414DEE}.Debug|x86.ActiveCfg = Debug|x86
		{5D81EFDC-C237-48BE-8BB6-D21798414DEE}.Debug|x86.Build.0 = Debug|x86
		{5D81EFDC-C237-48BE-8BB6-D21798414DEE}.Release|x86.ActiveCfg = Release|x86
		{5D81EFDC-C237-48BE-8BB6-D21798414DEE}.Release|x86.Build.0 = Release|x86
	EndGlobalSection
	GlobalSection(SolutionProperties) = preSolution
		HideSolutionNode = FALSE
	EndGlobalSection
EndGlobal
